// !$*UTF8*$!
{
	archiveVersion = 1;
	classes = {
	};
	objectVersion = 55;
	objects = {

/* Begin PBXBuildFile section */
		939BD74B2196206F725F1152 /* Pods_CryptocurrencyTrackerApp.framework in Frameworks */ = {isa = PBXBuildFile; fileRef = 8337AF529FB32C3769FA57F6 /* Pods_CryptocurrencyTrackerApp.framework */; };
		C5BA129C828E03BECCB71928 /* Pods_CryptocurrencyTrackerAppUnitTests.framework in Frameworks */ = {isa = PBXBuildFile; fileRef = 7B984932B61EDD4B9A6ADEEF /* Pods_CryptocurrencyTrackerAppUnitTests.framework */; };
		E504703327AFEA5C0058A560 /* BottomListRowView.swift in Sources */ = {isa = PBXBuildFile; fileRef = E504703227AFEA5C0058A560 /* BottomListRowView.swift */; };
		E539A4E5283AA7EE00DE0525 /* Sequence+Extensions.swift in Sources */ = {isa = PBXBuildFile; fileRef = E539A4E4283AA7EE00DE0525 /* Sequence+Extensions.swift */; };
		E58E0FFC27BC211700B3FC91 /* GoogleService-Info.plist in Resources */ = {isa = PBXBuildFile; fileRef = E58E0FFB27BC211700B3FC91 /* GoogleService-Info.plist */; };
		E58E100427BC308B00B3FC91 /* DatabaseProtocol.swift in Sources */ = {isa = PBXBuildFile; fileRef = E58E100327BC308B00B3FC91 /* DatabaseProtocol.swift */; };
		E58E100727BC337100B3FC91 /* FirebaseManager.swift in Sources */ = {isa = PBXBuildFile; fileRef = E58E100627BC337100B3FC91 /* FirebaseManager.swift */; };
		E58E100A27BC385B00B3FC91 /* CoinViewModel.swift in Sources */ = {isa = PBXBuildFile; fileRef = E58E100927BC385B00B3FC91 /* CoinViewModel.swift */; };
		E5A9E1AE27B6AE33000872B6 /* CoinAssetModel.swift in Sources */ = {isa = PBXBuildFile; fileRef = E5A9E1AD27B6AE33000872B6 /* CoinAssetModel.swift */; };
		E5B9768027AECD5F00EEA4FB /* TopListRowView.swift in Sources */ = {isa = PBXBuildFile; fileRef = E5B9767F27AECD5F00EEA4FB /* TopListRowView.swift */; };
		E5D4735D27BE8BEA00C3DA0C /* CoinViewModelTests.swift in Sources */ = {isa = PBXBuildFile; fileRef = E5D4735C27BE8BEA00C3DA0C /* CoinViewModelTests.swift */; };
		E5D4736527BE8D1000C3DA0C /* MockDatabaseManager.swift in Sources */ = {isa = PBXBuildFile; fileRef = E5D4736427BE8D1000C3DA0C /* MockDatabaseManager.swift */; };
		E5E990BD27AD587500691DE9 /* CryptocurrencyTrackerAppApp.swift in Sources */ = {isa = PBXBuildFile; fileRef = E5E990BC27AD587500691DE9 /* CryptocurrencyTrackerAppApp.swift */; };
		E5E990BF27AD587500691DE9 /* ContentView.swift in Sources */ = {isa = PBXBuildFile; fileRef = E5E990BE27AD587500691DE9 /* ContentView.swift */; };
		E5E990C127AD587700691DE9 /* Assets.xcassets in Resources */ = {isa = PBXBuildFile; fileRef = E5E990C027AD587700691DE9 /* Assets.xcassets */; };
		E5E990C427AD587700691DE9 /* Preview Assets.xcassets in Resources */ = {isa = PBXBuildFile; fileRef = E5E990C327AD587700691DE9 /* Preview Assets.xcassets */; };
/* End PBXBuildFile section */

/* Begin PBXContainerItemProxy section */
		E5D4735E27BE8BEA00C3DA0C /* PBXContainerItemProxy */ = {
			isa = PBXContainerItemProxy;
			containerPortal = E5E990B127AD587500691DE9 /* Project object */;
			proxyType = 1;
			remoteGlobalIDString = E5E990B827AD587500691DE9;
			remoteInfo = CryptocurrencyTrackerApp;
		};
/* End PBXContainerItemProxy section */

/* Begin PBXFileReference section */
		49B6B9D8004F7CE13D9B5787 /* Pods-CryptocurrencyTrackerApp.release.xcconfig */ = {isa = PBXFileReference; includeInIndex = 1; lastKnownFileType = text.xcconfig; name = "Pods-CryptocurrencyTrackerApp.release.xcconfig"; path = "Target Support Files/Pods-CryptocurrencyTrackerApp/Pods-CryptocurrencyTrackerApp.release.xcconfig"; sourceTree = "<group>"; };
		7B4A01E0330FA957C4126366 /* Pods-CryptocurrencyTrackerApp.debug.xcconfig */ = {isa = PBXFileReference; includeInIndex = 1; lastKnownFileType = text.xcconfig; name = "Pods-CryptocurrencyTrackerApp.debug.xcconfig"; path = "Target Support Files/Pods-CryptocurrencyTrackerApp/Pods-CryptocurrencyTrackerApp.debug.xcconfig"; sourceTree = "<group>"; };
		7B984932B61EDD4B9A6ADEEF /* Pods_CryptocurrencyTrackerAppUnitTests.framework */ = {isa = PBXFileReference; explicitFileType = wrapper.framework; includeInIndex = 0; path = Pods_CryptocurrencyTrackerAppUnitTests.framework; sourceTree = BUILT_PRODUCTS_DIR; };
		8337AF529FB32C3769FA57F6 /* Pods_CryptocurrencyTrackerApp.framework */ = {isa = PBXFileReference; explicitFileType = wrapper.framework; includeInIndex = 0; path = Pods_CryptocurrencyTrackerApp.framework; sourceTree = BUILT_PRODUCTS_DIR; };
		BC364DFCB508537740CC4F6F /* Pods-CryptocurrencyTrackerAppUnitTests.release.xcconfig */ = {isa = PBXFileReference; includeInIndex = 1; lastKnownFileType = text.xcconfig; name = "Pods-CryptocurrencyTrackerAppUnitTests.release.xcconfig"; path = "Target Support Files/Pods-CryptocurrencyTrackerAppUnitTests/Pods-CryptocurrencyTrackerAppUnitTests.release.xcconfig"; sourceTree = "<group>"; };
		C358BD4DD52BDE7C1A1718D0 /* Pods-CryptocurrencyTrackerAppUnitTests.debug.xcconfig */ = {isa = PBXFileReference; includeInIndex = 1; lastKnownFileType = text.xcconfig; name = "Pods-CryptocurrencyTrackerAppUnitTests.debug.xcconfig"; path = "Target Support Files/Pods-CryptocurrencyTrackerAppUnitTests/Pods-CryptocurrencyTrackerAppUnitTests.debug.xcconfig"; sourceTree = "<group>"; };
		E504703227AFEA5C0058A560 /* BottomListRowView.swift */ = {isa = PBXFileReference; lastKnownFileType = sourcecode.swift; path = BottomListRowView.swift; sourceTree = "<group>"; };
		E539A4E4283AA7EE00DE0525 /* Sequence+Extensions.swift */ = {isa = PBXFileReference; lastKnownFileType = sourcecode.swift; path = "Sequence+Extensions.swift"; sourceTree = "<group>"; };
		E58E0FFB27BC211700B3FC91 /* GoogleService-Info.plist */ = {isa = PBXFileReference; fileEncoding = 4; lastKnownFileType = text.plist.xml; path = "GoogleService-Info.plist"; sourceTree = "<group>"; };
		E58E100327BC308B00B3FC91 /* DatabaseProtocol.swift */ = {isa = PBXFileReference; lastKnownFileType = sourcecode.swift; path = DatabaseProtocol.swift; sourceTree = "<group>"; };
		E58E100627BC337100B3FC91 /* FirebaseManager.swift */ = {isa = PBXFileReference; lastKnownFileType = sourcecode.swift; path = FirebaseManager.swift; sourceTree = "<group>"; };
		E58E100927BC385B00B3FC91 /* CoinViewModel.swift */ = {isa = PBXFileReference; lastKnownFileType = sourcecode.swift; path = CoinViewModel.swift; sourceTree = "<group>"; };
		E5A9E1AD27B6AE33000872B6 /* CoinAssetModel.swift */ = {isa = PBXFileReference; lastKnownFileType = sourcecode.swift; path = CoinAssetModel.swift; sourceTree = "<group>"; };
		E5B9767F27AECD5F00EEA4FB /* TopListRowView.swift */ = {isa = PBXFileReference; lastKnownFileType = sourcecode.swift; path = TopListRowView.swift; sourceTree = "<group>"; };
		E5D4735A27BE8BEA00C3DA0C /* CryptocurrencyTrackerAppUnitTests.xctest */ = {isa = PBXFileReference; explicitFileType = wrapper.cfbundle; includeInIndex = 0; path = CryptocurrencyTrackerAppUnitTests.xctest; sourceTree = BUILT_PRODUCTS_DIR; };
		E5D4735C27BE8BEA00C3DA0C /* CoinViewModelTests.swift */ = {isa = PBXFileReference; lastKnownFileType = sourcecode.swift; path = CoinViewModelTests.swift; sourceTree = "<group>"; };
		E5D4736427BE8D1000C3DA0C /* MockDatabaseManager.swift */ = {isa = PBXFileReference; lastKnownFileType = sourcecode.swift; path = MockDatabaseManager.swift; sourceTree = "<group>"; };
		E5E990B927AD587500691DE9 /* CryptocurrencyTrackerApp.app */ = {isa = PBXFileReference; explicitFileType = wrapper.application; includeInIndex = 0; path = CryptocurrencyTrackerApp.app; sourceTree = BUILT_PRODUCTS_DIR; };
		E5E990BC27AD587500691DE9 /* CryptocurrencyTrackerAppApp.swift */ = {isa = PBXFileReference; lastKnownFileType = sourcecode.swift; path = CryptocurrencyTrackerAppApp.swift; sourceTree = "<group>"; };
		E5E990BE27AD587500691DE9 /* ContentView.swift */ = {isa = PBXFileReference; lastKnownFileType = sourcecode.swift; path = ContentView.swift; sourceTree = "<group>"; };
		E5E990C027AD587700691DE9 /* Assets.xcassets */ = {isa = PBXFileReference; lastKnownFileType = folder.assetcatalog; path = Assets.xcassets; sourceTree = "<group>"; };
		E5E990C327AD587700691DE9 /* Preview Assets.xcassets */ = {isa = PBXFileReference; lastKnownFileType = folder.assetcatalog; path = "Preview Assets.xcassets"; sourceTree = "<group>"; };
/* End PBXFileReference section */

/* Begin PBXFrameworksBuildPhase section */
		E5D4735727BE8BEA00C3DA0C /* Frameworks */ = {
			isa = PBXFrameworksBuildPhase;
			buildActionMask = 2147483647;
			files = (
				C5BA129C828E03BECCB71928 /* Pods_CryptocurrencyTrackerAppUnitTests.framework in Frameworks */,
			);
			runOnlyForDeploymentPostprocessing = 0;
		};
		E5E990B627AD587500691DE9 /* Frameworks */ = {
			isa = PBXFrameworksBuildPhase;
			buildActionMask = 2147483647;
			files = (
				939BD74B2196206F725F1152 /* Pods_CryptocurrencyTrackerApp.framework in Frameworks */,
			);
			runOnlyForDeploymentPostprocessing = 0;
		};
/* End PBXFrameworksBuildPhase section */

/* Begin PBXGroup section */
		3195D6C176DA9C1B2018E4A1 /* Frameworks */ = {
			isa = PBXGroup;
			children = (
				8337AF529FB32C3769FA57F6 /* Pods_CryptocurrencyTrackerApp.framework */,
				7B984932B61EDD4B9A6ADEEF /* Pods_CryptocurrencyTrackerAppUnitTests.framework */,
			);
			name = Frameworks;
			sourceTree = "<group>";
		};
		B0C7797CD932EC2BF576D916 /* Pods */ = {
			isa = PBXGroup;
			children = (
				7B4A01E0330FA957C4126366 /* Pods-CryptocurrencyTrackerApp.debug.xcconfig */,
				49B6B9D8004F7CE13D9B5787 /* Pods-CryptocurrencyTrackerApp.release.xcconfig */,
				C358BD4DD52BDE7C1A1718D0 /* Pods-CryptocurrencyTrackerAppUnitTests.debug.xcconfig */,
				BC364DFCB508537740CC4F6F /* Pods-CryptocurrencyTrackerAppUnitTests.release.xcconfig */,
			);
			path = Pods;
			sourceTree = "<group>";
		};
		E504703127AFEA0A0058A560 /* BottomListRowView */ = {
			isa = PBXGroup;
			children = (
				E504703227AFEA5C0058A560 /* BottomListRowView.swift */,
			);
			path = BottomListRowView;
			sourceTree = "<group>";
		};
		E539A4E3283AA7D400DE0525 /* Extensions */ = {
			isa = PBXGroup;
			children = (
				E539A4E4283AA7EE00DE0525 /* Sequence+Extensions.swift */,
			);
			path = Extensions;
			sourceTree = "<group>";
		};
		E58E100227BC300F00B3FC91 /* Protocols */ = {
			isa = PBXGroup;
			children = (
				E58E100327BC308B00B3FC91 /* DatabaseProtocol.swift */,
			);
			path = Protocols;
			sourceTree = "<group>";
		};
		E58E100527BC334900B3FC91 /* DatabaseManager */ = {
			isa = PBXGroup;
			children = (
				E58E100627BC337100B3FC91 /* FirebaseManager.swift */,
			);
			path = DatabaseManager;
			sourceTree = "<group>";
		};
		E58E100827BC383900B3FC91 /* ViewModels */ = {
			isa = PBXGroup;
			children = (
				E58E100927BC385B00B3FC91 /* CoinViewModel.swift */,
			);
			path = ViewModels;
			sourceTree = "<group>";
		};
		E5A9E1AA27B6ADB8000872B6 /* Models */ = {
			isa = PBXGroup;
			children = (
				E5A9E1AD27B6AE33000872B6 /* CoinAssetModel.swift */,
			);
			path = Models;
			sourceTree = "<group>";
		};
		E5B9767C27AECBEE00EEA4FB /* Views */ = {
			isa = PBXGroup;
			children = (
				E504703127AFEA0A0058A560 /* BottomListRowView */,
				E5B9767D27AECC5B00EEA4FB /* MainView */,
				E5B9767E27AECCE400EEA4FB /* TopListRowView */,
			);
			path = Views;
			sourceTree = "<group>";
		};
		E5B9767D27AECC5B00EEA4FB /* MainView */ = {
			isa = PBXGroup;
			children = (
				E5E990BE27AD587500691DE9 /* ContentView.swift */,
			);
			path = MainView;
			sourceTree = "<group>";
		};
		E5B9767E27AECCE400EEA4FB /* TopListRowView */ = {
			isa = PBXGroup;
			children = (
				E5B9767F27AECD5F00EEA4FB /* TopListRowView.swift */,
			);
			path = TopListRowView;
			sourceTree = "<group>";
		};
		E5D4735B27BE8BEA00C3DA0C /* CryptocurrencyTrackerAppUnitTests */ = {
			isa = PBXGroup;
			children = (
				E5D4736327BE8CFB00C3DA0C /* MockDatabase */,
				E5D4735C27BE8BEA00C3DA0C /* CoinViewModelTests.swift */,
			);
			path = CryptocurrencyTrackerAppUnitTests;
			sourceTree = "<group>";
		};
		E5D4736327BE8CFB00C3DA0C /* MockDatabase */ = {
			isa = PBXGroup;
			children = (
				E5D4736427BE8D1000C3DA0C /* MockDatabaseManager.swift */,
			);
			path = MockDatabase;
			sourceTree = "<group>";
		};
		E5E990B027AD587500691DE9 = {
			isa = PBXGroup;
			children = (
				E5E990BB27AD587500691DE9 /* CryptocurrencyTrackerApp */,
				E5D4735B27BE8BEA00C3DA0C /* CryptocurrencyTrackerAppUnitTests */,
				E5E990BA27AD587500691DE9 /* Products */,
				B0C7797CD932EC2BF576D916 /* Pods */,
				3195D6C176DA9C1B2018E4A1 /* Frameworks */,
			);
			sourceTree = "<group>";
		};
		E5E990BA27AD587500691DE9 /* Products */ = {
			isa = PBXGroup;
			children = (
				E5E990B927AD587500691DE9 /* CryptocurrencyTrackerApp.app */,
				E5D4735A27BE8BEA00C3DA0C /* CryptocurrencyTrackerAppUnitTests.xctest */,
			);
			name = Products;
			sourceTree = "<group>";
		};
		E5E990BB27AD587500691DE9 /* CryptocurrencyTrackerApp */ = {
			isa = PBXGroup;
			children = (
				E5E990C027AD587700691DE9 /* Assets.xcassets */,
				E5E990BC27AD587500691DE9 /* CryptocurrencyTrackerAppApp.swift */,
				E58E100527BC334900B3FC91 /* DatabaseManager */,
				E539A4E3283AA7D400DE0525 /* Extensions */,
				E58E0FFB27BC211700B3FC91 /* GoogleService-Info.plist */,
				E5A9E1AA27B6ADB8000872B6 /* Models */,
				E5E990C227AD587700691DE9 /* Preview Content */,
				E58E100227BC300F00B3FC91 /* Protocols */,
				E58E100827BC383900B3FC91 /* ViewModels */,
				E5B9767C27AECBEE00EEA4FB /* Views */,
			);
			path = CryptocurrencyTrackerApp;
			sourceTree = "<group>";
		};
		E5E990C227AD587700691DE9 /* Preview Content */ = {
			isa = PBXGroup;
			children = (
				E5E990C327AD587700691DE9 /* Preview Assets.xcassets */,
			);
			path = "Preview Content";
			sourceTree = "<group>";
		};
/* End PBXGroup section */

/* Begin PBXNativeTarget section */
		E5D4735927BE8BEA00C3DA0C /* CryptocurrencyTrackerAppUnitTests */ = {
			isa = PBXNativeTarget;
			buildConfigurationList = E5D4736227BE8BEA00C3DA0C /* Build configuration list for PBXNativeTarget "CryptocurrencyTrackerAppUnitTests" */;
			buildPhases = (
				CE4E0D3CEC23A08ED00A0743 /* [CP] Check Pods Manifest.lock */,
				E5D4735627BE8BEA00C3DA0C /* Sources */,
				E5D4735727BE8BEA00C3DA0C /* Frameworks */,
				E5D4735827BE8BEA00C3DA0C /* Resources */,
			);
			buildRules = (
			);
			dependencies = (
				E5D4735F27BE8BEA00C3DA0C /* PBXTargetDependency */,
			);
			name = CryptocurrencyTrackerAppUnitTests;
			productName = CryptocurrencyTrackerAppUnitTests;
			productReference = E5D4735A27BE8BEA00C3DA0C /* CryptocurrencyTrackerAppUnitTests.xctest */;
			productType = "com.apple.product-type.bundle.unit-test";
		};
		E5E990B827AD587500691DE9 /* CryptocurrencyTrackerApp */ = {
			isa = PBXNativeTarget;
			buildConfigurationList = E5E990C727AD587700691DE9 /* Build configuration list for PBXNativeTarget "CryptocurrencyTrackerApp" */;
			buildPhases = (
				B007AFE67AD3D6CAAA18D1B7 /* [CP] Check Pods Manifest.lock */,
				E5E990B527AD587500691DE9 /* Sources */,
				E5E990B627AD587500691DE9 /* Frameworks */,
				E5E990B727AD587500691DE9 /* Resources */,
				D1F502C5A1F6928A44DA47B3 /* [CP] Embed Pods Frameworks */,
			);
			buildRules = (
			);
			dependencies = (
			);
			name = CryptocurrencyTrackerApp;
			productName = CryptocurrencyTrackerApp;
			productReference = E5E990B927AD587500691DE9 /* CryptocurrencyTrackerApp.app */;
			productType = "com.apple.product-type.application";
		};
/* End PBXNativeTarget section */

/* Begin PBXProject section */
		E5E990B127AD587500691DE9 /* Project object */ = {
			isa = PBXProject;
			attributes = {
				BuildIndependentTargetsInParallel = 1;
				LastSwiftUpdateCheck = 1300;
				LastUpgradeCheck = 1300;
				TargetAttributes = {
					E5D4735927BE8BEA00C3DA0C = {
						CreatedOnToolsVersion = 13.0;
						TestTargetID = E5E990B827AD587500691DE9;
					};
					E5E990B827AD587500691DE9 = {
						CreatedOnToolsVersion = 13.0;
					};
				};
			};
			buildConfigurationList = E5E990B427AD587500691DE9 /* Build configuration list for PBXProject "CryptocurrencyTrackerApp" */;
			compatibilityVersion = "Xcode 13.0";
			developmentRegion = en;
			hasScannedForEncodings = 0;
			knownRegions = (
				en,
				Base,
			);
			mainGroup = E5E990B027AD587500691DE9;
			productRefGroup = E5E990BA27AD587500691DE9 /* Products */;
			projectDirPath = "";
			projectRoot = "";
			targets = (
				E5E990B827AD587500691DE9 /* CryptocurrencyTrackerApp */,
				E5D4735927BE8BEA00C3DA0C /* CryptocurrencyTrackerAppUnitTests */,
			);
		};
/* End PBXProject section */

/* Begin PBXResourcesBuildPhase section */
		E5D4735827BE8BEA00C3DA0C /* Resources */ = {
			isa = PBXResourcesBuildPhase;
			buildActionMask = 2147483647;
			files = (
			);
			runOnlyForDeploymentPostprocessing = 0;
		};
		E5E990B727AD587500691DE9 /* Resources */ = {
			isa = PBXResourcesBuildPhase;
			buildActionMask = 2147483647;
			files = (
				E5E990C427AD587700691DE9 /* Preview Assets.xcassets in Resources */,
				E5E990C127AD587700691DE9 /* Assets.xcassets in Resources */,
				E58E0FFC27BC211700B3FC91 /* GoogleService-Info.plist in Resources */,
			);
			runOnlyForDeploymentPostprocessing = 0;
		};
/* End PBXResourcesBuildPhase section */

/* Begin PBXShellScriptBuildPhase section */
		B007AFE67AD3D6CAAA18D1B7 /* [CP] Check Pods Manifest.lock */ = {
			isa = PBXShellScriptBuildPhase;
			buildActionMask = 2147483647;
			files = (
			);
			inputFileListPaths = (
			);
			inputPaths = (
				"${PODS_PODFILE_DIR_PATH}/Podfile.lock",
				"${PODS_ROOT}/Manifest.lock",
			);
			name = "[CP] Check Pods Manifest.lock";
			outputFileListPaths = (
			);
			outputPaths = (
				"$(DERIVED_FILE_DIR)/Pods-CryptocurrencyTrackerApp-checkManifestLockResult.txt",
			);
			runOnlyForDeploymentPostprocessing = 0;
			shellPath = /bin/sh;
			shellScript = "diff \"${PODS_PODFILE_DIR_PATH}/Podfile.lock\" \"${PODS_ROOT}/Manifest.lock\" > /dev/null\nif [ $? != 0 ] ; then\n    # print error to STDERR\n    echo \"error: The sandbox is not in sync with the Podfile.lock. Run 'pod install' or update your CocoaPods installation.\" >&2\n    exit 1\nfi\n# This output is used by Xcode 'outputs' to avoid re-running this script phase.\necho \"SUCCESS\" > \"${SCRIPT_OUTPUT_FILE_0}\"\n";
			showEnvVarsInLog = 0;
		};
		CE4E0D3CEC23A08ED00A0743 /* [CP] Check Pods Manifest.lock */ = {
			isa = PBXShellScriptBuildPhase;
			buildActionMask = 2147483647;
			files = (
			);
			inputFileListPaths = (
			);
			inputPaths = (
				"${PODS_PODFILE_DIR_PATH}/Podfile.lock",
				"${PODS_ROOT}/Manifest.lock",
			);
			name = "[CP] Check Pods Manifest.lock";
			outputFileListPaths = (
			);
			outputPaths = (
				"$(DERIVED_FILE_DIR)/Pods-CryptocurrencyTrackerAppUnitTests-checkManifestLockResult.txt",
			);
			runOnlyForDeploymentPostprocessing = 0;
			shellPath = /bin/sh;
			shellScript = "diff \"${PODS_PODFILE_DIR_PATH}/Podfile.lock\" \"${PODS_ROOT}/Manifest.lock\" > /dev/null\nif [ $? != 0 ] ; then\n    # print error to STDERR\n    echo \"error: The sandbox is not in sync with the Podfile.lock. Run 'pod install' or update your CocoaPods installation.\" >&2\n    exit 1\nfi\n# This output is used by Xcode 'outputs' to avoid re-running this script phase.\necho \"SUCCESS\" > \"${SCRIPT_OUTPUT_FILE_0}\"\n";
			showEnvVarsInLog = 0;
		};
		D1F502C5A1F6928A44DA47B3 /* [CP] Embed Pods Frameworks */ = {
			isa = PBXShellScriptBuildPhase;
			buildActionMask = 2147483647;
			files = (
			);
			inputFileListPaths = (
				"${PODS_ROOT}/Target Support Files/Pods-CryptocurrencyTrackerApp/Pods-CryptocurrencyTrackerApp-frameworks-${CONFIGURATION}-input-files.xcfilelist",
			);
			name = "[CP] Embed Pods Frameworks";
			outputFileListPaths = (
				"${PODS_ROOT}/Target Support Files/Pods-CryptocurrencyTrackerApp/Pods-CryptocurrencyTrackerApp-frameworks-${CONFIGURATION}-output-files.xcfilelist",
			);
			runOnlyForDeploymentPostprocessing = 0;
			shellPath = /bin/sh;
			shellScript = "\"${PODS_ROOT}/Target Support Files/Pods-CryptocurrencyTrackerApp/Pods-CryptocurrencyTrackerApp-frameworks.sh\"\n";
			showEnvVarsInLog = 0;
		};
/* End PBXShellScriptBuildPhase section */

/* Begin PBXSourcesBuildPhase section */
		E5D4735627BE8BEA00C3DA0C /* Sources */ = {
			isa = PBXSourcesBuildPhase;
			buildActionMask = 2147483647;
			files = (
				E5D4736527BE8D1000C3DA0C /* MockDatabaseManager.swift in Sources */,
				E5D4735D27BE8BEA00C3DA0C /* CoinViewModelTests.swift in Sources */,
			);
			runOnlyForDeploymentPostprocessing = 0;
		};
		E5E990B527AD587500691DE9 /* Sources */ = {
			isa = PBXSourcesBuildPhase;
			buildActionMask = 2147483647;
			files = (
				E539A4E5283AA7EE00DE0525 /* Sequence+Extensions.swift in Sources */,
				E5E990BF27AD587500691DE9 /* ContentView.swift in Sources */,
				E5B9768027AECD5F00EEA4FB /* TopListRowView.swift in Sources */,
				E58E100727BC337100B3FC91 /* FirebaseManager.swift in Sources */,
				E58E100A27BC385B00B3FC91 /* CoinViewModel.swift in Sources */,
				E58E100427BC308B00B3FC91 /* DatabaseProtocol.swift in Sources */,
				E5A9E1AE27B6AE33000872B6 /* CoinAssetModel.swift in Sources */,
				E504703327AFEA5C0058A560 /* BottomListRowView.swift in Sources */,
				E5E990BD27AD587500691DE9 /* CryptocurrencyTrackerAppApp.swift in Sources */,
			);
			runOnlyForDeploymentPostprocessing = 0;
		};
/* End PBXSourcesBuildPhase section */

/* Begin PBXTargetDependency section */
		E5D4735F27BE8BEA00C3DA0C /* PBXTargetDependency */ = {
			isa = PBXTargetDependency;
			target = E5E990B827AD587500691DE9 /* CryptocurrencyTrackerApp */;
			targetProxy = E5D4735E27BE8BEA00C3DA0C /* PBXContainerItemProxy */;
		};
/* End PBXTargetDependency section */

/* Begin XCBuildConfiguration section */
		E5D4736027BE8BEA00C3DA0C /* Debug */ = {
			isa = XCBuildConfiguration;
			baseConfigurationReference = C358BD4DD52BDE7C1A1718D0 /* Pods-CryptocurrencyTrackerAppUnitTests.debug.xcconfig */;
			buildSettings = {
				BUNDLE_LOADER = "$(TEST_HOST)";
				CODE_SIGN_STYLE = Automatic;
				CURRENT_PROJECT_VERSION = 1;
				DEVELOPMENT_TEAM = FKZ5H3494C;
				GENERATE_INFOPLIST_FILE = YES;
				LD_RUNPATH_SEARCH_PATHS = (
					"$(inherited)",
					"@executable_path/Frameworks",
					"@loader_path/Frameworks",
				);
				MARKETING_VERSION = 1.0;
				PRODUCT_BUNDLE_IDENTIFIER = com.fh.CryptocurrencyTrackerAppUnitTests;
				PRODUCT_NAME = "$(TARGET_NAME)";
				SWIFT_EMIT_LOC_STRINGS = NO;
				SWIFT_VERSION = 5.0;
				TARGETED_DEVICE_FAMILY = "1,2";
				TEST_HOST = "$(BUILT_PRODUCTS_DIR)/CryptocurrencyTrackerApp.app/CryptocurrencyTrackerApp";
			};
			name = Debug;
		};
		E5D4736127BE8BEA00C3DA0C /* Release */ = {
			isa = XCBuildConfiguration;
			baseConfigurationReference = BC364DFCB508537740CC4F6F /* Pods-CryptocurrencyTrackerAppUnitTests.release.xcconfig */;
			buildSettings = {
				BUNDLE_LOADER = "$(TEST_HOST)";
				CODE_SIGN_STYLE = Automatic;
				CURRENT_PROJECT_VERSION = 1;
				DEVELOPMENT_TEAM = FKZ5H3494C;
				GENERATE_INFOPLIST_FILE = YES;
				LD_RUNPATH_SEARCH_PATHS = (
					"$(inherited)",
					"@executable_path/Frameworks",
					"@loader_path/Frameworks",
				);
				MARKETING_VERSION = 1.0;
				PRODUCT_BUNDLE_IDENTIFIER = com.fh.CryptocurrencyTrackerAppUnitTests;
				PRODUCT_NAME = "$(TARGET_NAME)";
				SWIFT_EMIT_LOC_STRINGS = NO;
				SWIFT_VERSION = 5.0;
				TARGETED_DEVICE_FAMILY = "1,2";
				TEST_HOST = "$(BUILT_PRODUCTS_DIR)/CryptocurrencyTrackerApp.app/CryptocurrencyTrackerApp";
			};
			name = Release;
		};
		E5E990C527AD587700691DE9 /* Debug */ = {
			isa = XCBuildConfiguration;
			buildSettings = {
				ALWAYS_SEARCH_USER_PATHS = NO;
				CLANG_ANALYZER_NONNULL = YES;
				CLANG_ANALYZER_NUMBER_OBJECT_CONVERSION = YES_AGGRESSIVE;
				CLANG_CXX_LANGUAGE_STANDARD = "gnu++17";
				CLANG_CXX_LIBRARY = "libc++";
				CLANG_ENABLE_MODULES = YES;
				CLANG_ENABLE_OBJC_ARC = YES;
				CLANG_ENABLE_OBJC_WEAK = YES;
				CLANG_WARN_BLOCK_CAPTURE_AUTORELEASING = YES;
				CLANG_WARN_BOOL_CONVERSION = YES;
				CLANG_WARN_COMMA = YES;
				CLANG_WARN_CONSTANT_CONVERSION = YES;
				CLANG_WARN_DEPRECATED_OBJC_IMPLEMENTATIONS = YES;
				CLANG_WARN_DIRECT_OBJC_ISA_USAGE = YES_ERROR;
				CLANG_WARN_DOCUMENTATION_COMMENTS = YES;
				CLANG_WARN_EMPTY_BODY = YES;
				CLANG_WARN_ENUM_CONVERSION = YES;
				CLANG_WARN_INFINITE_RECURSION = YES;
				CLANG_WARN_INT_CONVERSION = YES;
				CLANG_WARN_NON_LITERAL_NULL_CONVERSION = YES;
				CLANG_WARN_OBJC_IMPLICIT_RETAIN_SELF = YES;
				CLANG_WARN_OBJC_LITERAL_CONVERSION = YES;
				CLANG_WARN_OBJC_ROOT_CLASS = YES_ERROR;
				CLANG_WARN_QUOTED_INCLUDE_IN_FRAMEWORK_HEADER = YES;
				CLANG_WARN_RANGE_LOOP_ANALYSIS = YES;
				CLANG_WARN_STRICT_PROTOTYPES = YES;
				CLANG_WARN_SUSPICIOUS_MOVE = YES;
				CLANG_WARN_UNGUARDED_AVAILABILITY = YES_AGGRESSIVE;
				CLANG_WARN_UNREACHABLE_CODE = YES;
				CLANG_WARN__DUPLICATE_METHOD_MATCH = YES;
				COPY_PHASE_STRIP = NO;
				DEBUG_INFORMATION_FORMAT = dwarf;
				ENABLE_STRICT_OBJC_MSGSEND = YES;
				ENABLE_TESTABILITY = YES;
				GCC_C_LANGUAGE_STANDARD = gnu11;
				GCC_DYNAMIC_NO_PIC = NO;
				GCC_NO_COMMON_BLOCKS = YES;
				GCC_OPTIMIZATION_LEVEL = 0;
				GCC_PREPROCESSOR_DEFINITIONS = (
					"DEBUG=1",
					"$(inherited)",
				);
				GCC_WARN_64_TO_32_BIT_CONVERSION = YES;
				GCC_WARN_ABOUT_RETURN_TYPE = YES_ERROR;
				GCC_WARN_UNDECLARED_SELECTOR = YES;
				GCC_WARN_UNINITIALIZED_AUTOS = YES_AGGRESSIVE;
				GCC_WARN_UNUSED_FUNCTION = YES;
				GCC_WARN_UNUSED_VARIABLE = YES;
				IPHONEOS_DEPLOYMENT_TARGET = 15.0;
				MTL_ENABLE_DEBUG_INFO = INCLUDE_SOURCE;
				MTL_FAST_MATH = YES;
				ONLY_ACTIVE_ARCH = YES;
				SDKROOT = iphoneos;
				SWIFT_ACTIVE_COMPILATION_CONDITIONS = DEBUG;
				SWIFT_OPTIMIZATION_LEVEL = "-Onone";
			};
			name = Debug;
		};
		E5E990C627AD587700691DE9 /* Release */ = {
			isa = XCBuildConfiguration;
			buildSettings = {
				ALWAYS_SEARCH_USER_PATHS = NO;
				CLANG_ANALYZER_NONNULL = YES;
				CLANG_ANALYZER_NUMBER_OBJECT_CONVERSION = YES_AGGRESSIVE;
				CLANG_CXX_LANGUAGE_STANDARD = "gnu++17";
				CLANG_CXX_LIBRARY = "libc++";
				CLANG_ENABLE_MODULES = YES;
				CLANG_ENABLE_OBJC_ARC = YES;
				CLANG_ENABLE_OBJC_WEAK = YES;
				CLANG_WARN_BLOCK_CAPTURE_AUTORELEASING = YES;
				CLANG_WARN_BOOL_CONVERSION = YES;
				CLANG_WARN_COMMA = YES;
				CLANG_WARN_CONSTANT_CONVERSION = YES;
				CLANG_WARN_DEPRECATED_OBJC_IMPLEMENTATIONS = YES;
				CLANG_WARN_DIRECT_OBJC_ISA_USAGE = YES_ERROR;
				CLANG_WARN_DOCUMENTATION_COMMENTS = YES;
				CLANG_WARN_EMPTY_BODY = YES;
				CLANG_WARN_ENUM_CONVERSION = YES;
				CLANG_WARN_INFINITE_RECURSION = YES;
				CLANG_WARN_INT_CONVERSION = YES;
				CLANG_WARN_NON_LITERAL_NULL_CONVERSION = YES;
				CLANG_WARN_OBJC_IMPLICIT_RETAIN_SELF = YES;
				CLANG_WARN_OBJC_LITERAL_CONVERSION = YES;
				CLANG_WARN_OBJC_ROOT_CLASS = YES_ERROR;
				CLANG_WARN_QUOTED_INCLUDE_IN_FRAMEWORK_HEADER = YES;
				CLANG_WARN_RANGE_LOOP_ANALYSIS = YES;
				CLANG_WARN_STRICT_PROTOTYPES = YES;
				CLANG_WARN_SUSPICIOUS_MOVE = YES;
				CLANG_WARN_UNGUARDED_AVAILABILITY = YES_AGGRESSIVE;
				CLANG_WARN_UNREACHABLE_CODE = YES;
				CLANG_WARN__DUPLICATE_METHOD_MATCH = YES;
				COPY_PHASE_STRIP = NO;
				DEBUG_INFORMATION_FORMAT = "dwarf-with-dsym";
				ENABLE_NS_ASSERTIONS = NO;
				ENABLE_STRICT_OBJC_MSGSEND = YES;
				GCC_C_LANGUAGE_STANDARD = gnu11;
				GCC_NO_COMMON_BLOCKS = YES;
				GCC_WARN_64_TO_32_BIT_CONVERSION = YES;
				GCC_WARN_ABOUT_RETURN_TYPE = YES_ERROR;
				GCC_WARN_UNDECLARED_SELECTOR = YES;
				GCC_WARN_UNINITIALIZED_AUTOS = YES_AGGRESSIVE;
				GCC_WARN_UNUSED_FUNCTION = YES;
				GCC_WARN_UNUSED_VARIABLE = YES;
				IPHONEOS_DEPLOYMENT_TARGET = 15.0;
				MTL_ENABLE_DEBUG_INFO = NO;
				MTL_FAST_MATH = YES;
				SDKROOT = iphoneos;
				SWIFT_COMPILATION_MODE = wholemodule;
				SWIFT_OPTIMIZATION_LEVEL = "-O";
				VALIDATE_PRODUCT = YES;
			};
			name = Release;
		};
		E5E990C827AD587700691DE9 /* Debug */ = {
			isa = XCBuildConfiguration;
			baseConfigurationReference = 7B4A01E0330FA957C4126366 /* Pods-CryptocurrencyTrackerApp.debug.xcconfig */;
			buildSettings = {
				ASSETCATALOG_COMPILER_APPICON_NAME = AppIcon;
				ASSETCATALOG_COMPILER_GLOBAL_ACCENT_COLOR_NAME = AccentColor;
				CODE_SIGN_STYLE = Automatic;
				CURRENT_PROJECT_VERSION = 1;
				DEVELOPMENT_ASSET_PATHS = "\"CryptocurrencyTrackerApp/Preview Content\"";
				DEVELOPMENT_TEAM = FKZ5H3494C;
				ENABLE_PREVIEWS = YES;
				ENABLE_TESTING_SEARCH_PATHS = YES;
				GENERATE_INFOPLIST_FILE = YES;
				INFOPLIST_KEY_UIApplicationSceneManifest_Generation = YES;
				INFOPLIST_KEY_UIApplicationSupportsIndirectInputEvents = YES;
				INFOPLIST_KEY_UILaunchScreen_Generation = YES;
				INFOPLIST_KEY_UISupportedInterfaceOrientations_iPad = "UIInterfaceOrientationPortrait UIInterfaceOrientationPortraitUpsideDown UIInterfaceOrientationLandscapeLeft UIInterfaceOrientationLandscapeRight";
				INFOPLIST_KEY_UISupportedInterfaceOrientations_iPhone = "UIInterfaceOrientationPortrait UIInterfaceOrientationLandscapeLeft UIInterfaceOrientationLandscapeRight";
				IPHONEOS_DEPLOYMENT_TARGET = 14.0;
				LD_RUNPATH_SEARCH_PATHS = (
					"$(inherited)",
					"@executable_path/Frameworks",
				);
				MARKETING_VERSION = 1.0;
				PRODUCT_BUNDLE_IDENTIFIER = com.fh.CryptocurrencyTrackerApp;
				PRODUCT_NAME = "$(TARGET_NAME)";
				SWIFT_EMIT_LOC_STRINGS = YES;
				SWIFT_VERSION = 5.0;
				TARGETED_DEVICE_FAMILY = "1,2";
			};
			name = Debug;
		};
		E5E990C927AD587700691DE9 /* Release */ = {
			isa = XCBuildConfiguration;
			baseConfigurationReference = 49B6B9D8004F7CE13D9B5787 /* Pods-CryptocurrencyTrackerApp.release.xcconfig */;
			buildSettings = {
				ASSETCATALOG_COMPILER_APPICON_NAME = AppIcon;
				ASSETCATALOG_COMPILER_GLOBAL_ACCENT_COLOR_NAME = AccentColor;
				CODE_SIGN_STYLE = Automatic;
				CURRENT_PROJECT_VERSION = 1;
				DEVELOPMENT_ASSET_PATHS = "\"CryptocurrencyTrackerApp/Preview Content\"";
				DEVELOPMENT_TEAM = FKZ5H3494C;
				ENABLE_PREVIEWS = YES;
				ENABLE_TESTING_SEARCH_PATHS = YES;
				GENERATE_INFOPLIST_FILE = YES;
				INFOPLIST_KEY_UIApplicationSceneManifest_Generation = YES;
				INFOPLIST_KEY_UIApplicationSupportsIndirectInputEvents = YES;
				INFOPLIST_KEY_UILaunchScreen_Generation = YES;
				INFOPLIST_KEY_UISupportedInterfaceOrientations_iPad = "UIInterfaceOrientationPortrait UIInterfaceOrientationPortraitUpsideDown UIInterfaceOrientationLandscapeLeft UIInterfaceOrientationLandscapeRight";
				INFOPLIST_KEY_UISupportedInterfaceOrientations_iPhone = "UIInterfaceOrientationPortrait UIInterfaceOrientationLandscapeLeft UIInterfaceOrientationLandscapeRight";
				IPHONEOS_DEPLOYMENT_TARGET = 14.0;
				LD_RUNPATH_SEARCH_PATHS = (
					"$(inherited)",
					"@executable_path/Frameworks",
				);
				MARKETING_VERSION = 1.0;
				PRODUCT_BUNDLE_IDENTIFIER = com.fh.CryptocurrencyTrackerApp;
				PRODUCT_NAME = "$(TARGET_NAME)";
				SWIFT_EMIT_LOC_STRINGS = YES;
				SWIFT_VERSION = 5.0;
				TARGETED_DEVICE_FAMILY = "1,2";
			};
			name = Release;
		};
/* End XCBuildConfiguration section */

/* Begin XCConfigurationList section */
		E5D4736227BE8BEA00C3DA0C /* Build configuration list for PBXNativeTarget "CryptocurrencyTrackerAppUnitTests" */ = {
			isa = XCConfigurationList;
			buildConfigurations = (
				E5D4736027BE8BEA00C3DA0C /* Debug */,
				E5D4736127BE8BEA00C3DA0C /* Release */,
			);
			defaultConfigurationIsVisible = 0;
			defaultConfigurationName = Release;
		};
		E5E990B427AD587500691DE9 /* Build configuration list for PBXProject "CryptocurrencyTrackerApp" */ = {
			isa = XCConfigurationList;
			buildConfigurations = (
				E5E990C527AD587700691DE9 /* Debug */,
				E5E990C627AD587700691DE9 /* Release */,
			);
			defaultConfigurationIsVisible = 0;
			defaultConfigurationName = Release;
		};
		E5E990C727AD587700691DE9 /* Build configuration list for PBXNativeTarget "CryptocurrencyTrackerApp" */ = {
			isa = XCConfigurationList;
			buildConfigurations = (
				E5E990C827AD587700691DE9 /* Debug */,
				E5E990C927AD587700691DE9 /* Release */,
			);
			defaultConfigurationIsVisible = 0;
			defaultConfigurationName = Release;
		};
/* End XCConfigurationList section */
	};
	rootObject = E5E990B127AD587500691DE9 /* Project object */;
}
